{
    "_meta": {
        "hash": {
            "sha256": "b77701984f6b326f31d712245cd027480e7c4261df16ada241d138f145b1d079"
        },
        "pipfile-spec": 6,
        "requires": {
            "python_version": "3.7"
        },
        "sources": [
            {
                "name": "pypi",
                "url": "https://pypi.org/simple",
                "verify_ssl": true
            }
        ]
    },
    "default": {
        "jaydebeapi": {
            "hashes": [
                "sha256:d6256bdad1e14414225fbc839f7d56922ea3abc06153f3a57490fee909fecd64",
                "sha256:f25e9307fbb5960cb035394c26e37731b64cc465b197c4344cee85ec450ab92f",
                "sha256:fbfbc7e41d7b35af08df6376a73637820c71a1373b40244b135bd07f3e865c81"
            ],
            "index": "pypi",
            "version": "==1.2.3"
        },
        "jpype1": {
            "hashes": [
                "sha256:0c5f665ee3e6e31c27e9d2d48dd12bf4eb4fe6858823e6a11201a035274ccfe1",
                "sha256:1c7457a2f20ab28308e4e16d2ae0842ca086785ecb0296f17ed6d85158a02c35",
                "sha256:38641e3dbbe6e973ba3f72a70fa633be37df9d6756577049298d2285604bec1a",
                "sha256:3e6eaad55495885dac041dba29adaa28574fea703ad3978be59dc9a589b02dd5",
                "sha256:64652443f5d2b807d19722e2b5f880a79a5fcc4ea6a58a682bd2f2231ff06165",
                "sha256:6775e77933f3d045be94cb8a1de288e77b5df11330acc88d94488bdf1c62ac6a",
                "sha256:72ad38acf7f1c5d729bf2c400238a0adf7595ad2d94099d76ea0bd700712696d",
                "sha256:7db36995e809a5a70e44f86f2937cfe9d0e6f9f47ead9af85e7be1e31b32c54b",
                "sha256:869e14bc15b094f26719966606a183cc8620f0ab18dfb52c2991abbeff587ef4",
                "sha256:998d2dc909d86b5fac72245d9c76303282ec634f2bcb3bbcf1c43ebeb7e08e77",
                "sha256:ae1466aa18a60af838ad6f8caed4360f165a7019005c19ba1f07d379c5b04022",
                "sha256:b852c720e47b8ebe1038e5b746b4a975912e4c580f0332e60e760ce72b1ecc47",
                "sha256:bb286d63324a352809c9cf006d194be4c9fba8a333ad20b68bb955899a20fe3b",
                "sha256:c60b3b30e786073d62c2f57a70e5373cb78ad584aa49e9cf5b2ca6eec25065c4",
                "sha256:e0eb28076b788415b990c645ae76c4fc2c86adbbfb298bf71175aa19b08386c7",
                "sha256:e5cf6b25ade01165c9b07eb6496486015029a319b4b10d6b6997a0b1d2b24344",
                "sha256:e9afaa5d4ab6921fcaf6ab1c6ce0c1328a38779581db6917838c0ba1b463d417"
            ],
            "markers": "python_version > '2.7' and platform_python_implementation != 'Jython'",
            "version": "==1.4.0"
        },
        "typing-extensions": {
            "hashes": [
                "sha256:25642c956049920a5aa49edcdd6ab1e06d7e5d467fc00e0506c44ac86fbfca02",
                "sha256:e6d2677a32f47fc7eb2795db1dd15c1f34eff616bcaf2cfb5e997f854fa1c4a6"
            ],
            "markers": "python_version < '3.8'",
            "version": "==4.3.0"
        }
    },
    "develop": {}
}
